
Microsoft Visual Studio Solution File, Format Version 12.00
# Visual Studio Version 17
VisualStudioVersion = 17.5.33414.496
MinimumVisualStudioVersion = 10.0.40219.1
Project("{8BC9CEB8-8B4A-11D0-8D11-00A0C91BC942}") = "SingleLinkedList_178", "SingleLinkedList_178\SingleLinkedList_178.vcxproj", "{4F3264EE-E553-4BE4-89CF-67044277E6F8}"
EndProject
Global
	GlobalSection(SolutionConfigurationPlatforms) = preSolution
		Debug|x64 = Debug|x64
		Debug|x86 = Debug|x86
		Release|x64 = Release|x64
		Release|x86 = Release|x86
	EndGlobalSection
	GlobalSection(ProjectConfigurationPlatforms) = postSolution
		{4F3264EE-E553-4BE4-89CF-67044277E6F8}.Debug|x64.ActiveCfg = Debug|x64
		{4F3264EE-E553-4BE4-89CF-67044277E6F8}.Debug|x64.Build.0 = Debug|x64
		{4F3264EE-E553-4BE4-89CF-67044277E6F8}.Debug|x86.ActiveCfg = Debug|Win32
		{4F3264EE-E553-4BE4-89CF-67044277E6F8}.Debug|x86.Build.0 = Debug|Win32
		{4F3264EE-E553-4BE4-89CF-67044277E6F8}.Release|x64.ActiveCfg = Release|x64
		{4F3264EE-E553-4BE4-89CF-67044277E6F8}.Release|x64.Build.0 = Release|x64
		{4F3264EE-E553-4BE4-89CF-67044277E6F8}.Release|x86.ActiveCfg = Release|Win32
		{4F3264EE-E553-4BE4-89CF-67044277E6F8}.Release|x86.Build.0 = Release|Win32
	EndGlobalSection
	GlobalSection(SolutionProperties) = preSolution
		HideSolutionNode = FALSE
	EndGlobalSection
	GlobalSection(ExtensibilityGlobals) = postSolution
		SolutionGuid = {AEDBF1FE-7B0E-4E3A-BE90-C39CFFDF19B4}
	EndGlobalSection
EndGlobal
